// !$*UTF8*$!
{
	archiveVersion = 1;
	classes = {
	};
	objectVersion = 50;
	objects = {

/* Begin PBXBuildFile section */
		D4EA145B24A9339800AA5D48 /* AppDelegate.swift in Sources */ = {isa = PBXBuildFile; fileRef = D4EA145A24A9339800AA5D48 /* AppDelegate.swift */; };
		D4EA145D24A9339800AA5D48 /* SceneDelegate.swift in Sources */ = {isa = PBXBuildFile; fileRef = D4EA145C24A9339800AA5D48 /* SceneDelegate.swift */; };
		D4EA145F24A9339800AA5D48 /* ViewController.swift in Sources */ = {isa = PBXBuildFile; fileRef = D4EA145E24A9339800AA5D48 /* ViewController.swift */; };
		D4EA146224A9339800AA5D48 /* Main.storyboard in Resources */ = {isa = PBXBuildFile; fileRef = D4EA146024A9339800AA5D48 /* Main.storyboard */; };
		D4EA146424A9339900AA5D48 /* Assets.xcassets in Resources */ = {isa = PBXBuildFile; fileRef = D4EA146324A9339900AA5D48 /* Assets.xcassets */; };
		D4EA146724A9339900AA5D48 /* LaunchScreen.storyboard in Resources */ = {isa = PBXBuildFile; fileRef = D4EA146524A9339900AA5D48 /* LaunchScreen.storyboard */; };
		D4EA147224A9339A00AA5D48 /* tipTests.swift in Sources */ = {isa = PBXBuildFile; fileRef = D4EA147124A9339A00AA5D48 /* tipTests.swift */; };
		D4EA147D24A9339A00AA5D48 /* tipUITests.swift in Sources */ = {isa = PBXBuildFile; fileRef = D4EA147C24A9339A00AA5D48 /* tipUITests.swift */; };
/* End PBXBuildFile section */

/* Begin PBXContainerItemProxy section */
		D4EA146E24A9339A00AA5D48 /* PBXContainerItemProxy */ = {
			isa = PBXContainerItemProxy;
			containerPortal = D4EA144F24A9339800AA5D48 /* Project object */;
			proxyType = 1;
			remoteGlobalIDString = D4EA145624A9339800AA5D48;
			remoteInfo = tip;
		};
		D4EA147924A9339A00AA5D48 /* PBXContainerItemProxy */ = {
			isa = PBXContainerItemProxy;
			containerPortal = D4EA144F24A9339800AA5D48 /* Project object */;
			proxyType = 1;
			remoteGlobalIDString = D4EA145624A9339800AA5D48;
			remoteInfo = tip;
		};
/* End PBXContainerItemProxy section */

/* Begin PBXFileReference section */
		D4EA145724A9339800AA5D48 /* tip.app */ = {isa = PBXFileReference; explicitFileType = wrapper.application; includeInIndex = 0; path = tip.app; sourceTree = BUILT_PRODUCTS_DIR; };
		D4EA145A24A9339800AA5D48 /* AppDelegate.swift */ = {isa = PBXFileReference; lastKnownFileType = sourcecode.swift; path = AppDelegate.swift; sourceTree = "<group>"; };
		D4EA145C24A9339800AA5D48 /* SceneDelegate.swift */ = {isa = PBXFileReference; lastKnownFileType = sourcecode.swift; path = SceneDelegate.swift; sourceTree = "<group>"; };
		D4EA145E24A9339800AA5D48 /* ViewController.swift */ = {isa = PBXFileReference; lastKnownFileType = sourcecode.swift; path = ViewController.swift; sourceTree = "<group>"; };
		D4EA146124A9339800AA5D48 /* Base */ = {isa = PBXFileReference; lastKnownFileType = file.storyboard; name = Base; path = Base.lproj/Main.storyboard; sourceTree = "<group>"; };
		D4EA146324A9339900AA5D48 /* Assets.xcassets */ = {isa = PBXFileReference; lastKnownFileType = folder.assetcatalog; path = Assets.xcassets; sourceTree = "<group>"; };
		D4EA146624A9339900AA5D48 /* Base */ = {isa = PBXFileReference; lastKnownFileType = file.storyboard; name = Base; path = Base.lproj/LaunchScreen.storyboard; sourceTree = "<group>"; };
		D4EA146824A9339900AA5D48 /* Info.plist */ = {isa = PBXFileReference; lastKnownFileType = text.plist.xml; path = Info.plist; sourceTree = "<group>"; };
		D4EA146D24A9339A00AA5D48 /* tipTests.xctest */ = {isa = PBXFileReference; explicitFileType = wrapper.cfbundle; includeInIndex = 0; path = tipTests.xctest; sourceTree = BUILT_PRODUCTS_DIR; };
		D4EA147124A9339A00AA5D48 /* tipTests.swift */ = {isa = PBXFileReference; lastKnownFileType = sourcecode.swift; path = tipTests.swift; sourceTree = "<group>"; };
		D4EA147324A9339A00AA5D48 /* Info.plist */ = {isa = PBXFileReference; lastKnownFileType = text.plist.xml; path = Info.plist; sourceTree = "<group>"; };
		D4EA147824A9339A00AA5D48 /* tipUITests.xctest */ = {isa = PBXFileReference; explicitFileType = wrapper.cfbundle; includeInIndex = 0; path = tipUITests.xctest; sourceTree = BUILT_PRODUCTS_DIR; };
		D4EA147C24A9339A00AA5D48 /* tipUITests.swift */ = {isa = PBXFileReference; lastKnownFileType = sourcecode.swift; path = tipUITests.swift; sourceTree = "<group>"; };
		D4EA147E24A9339A00AA5D48 /* Info.plist */ = {isa = PBXFileReference; lastKnownFileType = text.plist.xml; path = Info.plist; sourceTree = "<group>"; };
/* End PBXFileReference section */

/* Begin PBXFrameworksBuildPhase section */
		D4EA145424A9339800AA5D48 /* Frameworks */ = {
			isa = PBXFrameworksBuildPhase;
			buildActionMask = 2147483647;
			files = (
			);
			runOnlyForDeploymentPostprocessing = 0;
		};
		D4EA146A24A9339A00AA5D48 /* Frameworks */ = {
			isa = PBXFrameworksBuildPhase;
			buildActionMask = 2147483647;
			files = (
			);
			runOnlyForDeploymentPostprocessing = 0;
		};
		D4EA147524A9339A00AA5D48 /* Frameworks */ = {
			isa = PBXFrameworksBuildPhase;
			buildActionMask = 2147483647;
			files = (
			);
			runOnlyForDeploymentPostprocessing = 0;
		};
/* End PBXFrameworksBuildPhase section */

/* Begin PBXGroup section */
		D4EA144E24A9339800AA5D48 = {
			isa = PBXGroup;
			children = (
				D4EA145924A9339800AA5D48 /* tip */,
				D4EA147024A9339A00AA5D48 /* tipTests */,
				D4EA147B24A9339A00AA5D48 /* tipUITests */,
				D4EA145824A9339800AA5D48 /* Products */,
			);
			sourceTree = "<group>";
		};
		D4EA145824A9339800AA5D48 /* Products */ = {
			isa = PBXGroup;
			children = (
				D4EA145724A9339800AA5D48 /* tip.app */,
				D4EA146D24A9339A00AA5D48 /* tipTests.xctest */,
				D4EA147824A9339A00AA5D48 /* tipUITests.xctest */,
			);
			name = Products;
			sourceTree = "<group>";
		};
		D4EA145924A9339800AA5D48 /* tip */ = {
			isa = PBXGroup;
			children = (
				D4EA145A24A9339800AA5D48 /* AppDelegate.swift */,
				D4EA145C24A9339800AA5D48 /* SceneDelegate.swift */,
				D4EA145E24A9339800AA5D48 /* ViewController.swift */,
				D4EA146024A9339800AA5D48 /* Main.storyboard */,
				D4EA146324A9339900AA5D48 /* Assets.xcassets */,
				D4EA146524A9339900AA5D48 /* LaunchScreen.storyboard */,
				D4EA146824A9339900AA5D48 /* Info.plist */,
			);
			path = tip;
			sourceTree = "<group>";
		};
		D4EA147024A9339A00AA5D48 /* tipTests */ = {
			isa = PBXGroup;
			children = (
				D4EA147124A9339A00AA5D48 /* tipTests.swift */,
				D4EA147324A9339A00AA5D48 /* Info.plist */,
			);
			path = tipTests;
			sourceTree = "<group>";
		};
		D4EA147B24A9339A00AA5D48 /* tipUITests */ = {
			isa = PBXGroup;
			children = (
				D4EA147C24A9339A00AA5D48 /* tipUITests.swift */,
				D4EA147E24A9339A00AA5D48 /* Info.plist */,
			);
			path = tipUITests;
			sourceTree = "<group>";
		};
/* End PBXGroup section */

/* Begin PBXNativeTarget section */
		D4EA145624A9339800AA5D48 /* tip */ = {
			isa = PBXNativeTarget;
			buildConfigurationList = D4EA148124A9339A00AA5D48 /* Build configuration list for PBXNativeTarget "tip" */;
			buildPhases = (
				D4EA145324A9339800AA5D48 /* Sources */,
				D4EA145424A9339800AA5D48 /* Frameworks */,
				D4EA145524A9339800AA5D48 /* Resources */,
			);
			buildRules = (
			);
			dependencies = (
			);
			name = tip;
			productName = tip;
			productReference = D4EA145724A9339800AA5D48 /* tip.app */;
			productType = "com.apple.product-type.application";
		};
		D4EA146C24A9339A00AA5D48 /* tipTests */ = {
			isa = PBXNativeTarget;
			buildConfigurationList = D4EA148424A9339A00AA5D48 /* Build configuration list for PBXNativeTarget "tipTests" */;
			buildPhases = (
				D4EA146924A9339A00AA5D48 /* Sources */,
				D4EA146A24A9339A00AA5D48 /* Frameworks */,
				D4EA146B24A9339A00AA5D48 /* Resources */,
			);
			buildRules = (
			);
			dependencies = (
				D4EA146F24A9339A00AA5D48 /* PBXTargetDependency */,
			);
			name = tipTests;
			productName = tipTests;
			productReference = D4EA146D24A9339A00AA5D48 /* tipTests.xctest */;
			productType = "com.apple.product-type.bundle.unit-test";
		};
		D4EA147724A9339A00AA5D48 /* tipUITests */ = {
			isa = PBXNativeTarget;
			buildConfigurationList = D4EA148724A9339A00AA5D48 /* Build configuration list for PBXNativeTarget "tipUITests" */;
			buildPhases = (
				D4EA147424A9339A00AA5D48 /* Sources */,
				D4EA147524A9339A00AA5D48 /* Frameworks */,
				D4EA147624A9339A00AA5D48 /* Resources */,
			);
			buildRules = (
			);
			dependencies = (
				D4EA147A24A9339A00AA5D48 /* PBXTargetDependency */,
			);
			name = tipUITests;
			productName = tipUITests;
			productReference = D4EA147824A9339A00AA5D48 /* tipUITests.xctest */;
			productType = "com.apple.product-type.bundle.ui-testing";
		};
/* End PBXNativeTarget section */

/* Begin PBXProject section */
		D4EA144F24A9339800AA5D48 /* Project object */ = {
			isa = PBXProject;
			attributes = {
				LastSwiftUpdateCheck = 1150;
				LastUpgradeCheck = 1150;
				ORGANIZATIONNAME = Codepath;
				TargetAttributes = {
					D4EA145624A9339800AA5D48 = {
						CreatedOnToolsVersion = 11.5;
					};
					D4EA146C24A9339A00AA5D48 = {
						CreatedOnToolsVersion = 11.5;
						TestTargetID = D4EA145624A9339800AA5D48;
					};
					D4EA147724A9339A00AA5D48 = {
						CreatedOnToolsVersion = 11.5;
						TestTargetID = D4EA145624A9339800AA5D48;
					};
				};
			};
			buildConfigurationList = D4EA145224A9339800AA5D48 /* Build configuration list for PBXProject "tip" */;
			compatibilityVersion = "Xcode 9.3";
			developmentRegion = en;
			hasScannedForEncodings = 0;
			knownRegions = (
				en,
				Base,
			);
			mainGroup = D4EA144E24A9339800AA5D48;
			productRefGroup = D4EA145824A9339800AA5D48 /* Products */;
			projectDirPath = "";
			projectRoot = "";
			targets = (
				D4EA145624A9339800AA5D48 /* tip */,
				D4EA146C24A9339A00AA5D48 /* tipTests */,
				D4EA147724A9339A00AA5D48 /* tipUITests */,
			);
		};
/* End PBXProject section */

/* Begin PBXResourcesBuildPhase section */
		D4EA145524A9339800AA5D48 /* Resources */ = {
			isa = PBXResourcesBuildPhase;
			buildActionMask = 2147483647;
			files = (
				D4EA146724A9339900AA5D48 /* LaunchScreen.storyboard in Resources */,
				D4EA146424A9339900AA5D48 /* Assets.xcassets in Resources */,
				D4EA146224A9339800AA5D48 /* Main.storyboard in Resources */,
			);
			runOnlyForDeploymentPostprocessing = 0;
		};
		D4EA146B24A9339A00AA5D48 /* Resources */ = {
			isa = PBXResourcesBuildPhase;
			buildActionMask = 2147483647;
			files = (
			);
			runOnlyForDeploymentPostprocessing = 0;
		};
		D4EA147624A9339A00AA5D48 /* Resources */ = {
			isa = PBXResourcesBuildPhase;
			buildActionMask = 2147483647;
			files = (
			);
			runOnlyForDeploymentPostprocessing = 0;
		};
/* End PBXResourcesBuildPhase section */

/* Begin PBXSourcesBuildPhase section */
		D4EA145324A9339800AA5D48 /* Sources */ = {
			isa = PBXSourcesBuildPhase;
			buildActionMask = 2147483647;
			files = (
				D4EA145F24A9339800AA5D48 /* ViewController.swift in Sources */,
				D4EA145B24A9339800AA5D48 /* AppDelegate.swift in Sources */,
				D4EA145D24A9339800AA5D48 /* SceneDelegate.swift in Sources */,
			);
			runOnlyForDeploymentPostprocessing = 0;
		};
		D4EA146924A9339A00AA5D48 /* Sources */ = {
			isa = PBXSourcesBuildPhase;
			buildActionMask = 2147483647;
			files = (
				D4EA147224A9339A00AA5D48 /* tipTests.swift in Sources */,
			);
			runOnlyForDeploymentPostprocessing = 0;
		};
		D4EA147424A9339A00AA5D48 /* Sources */ = {
			isa = PBXSourcesBuildPhase;
			buildActionMask = 2147483647;
			files = (
				D4EA147D24A9339A00AA5D48 /* tipUITests.swift in Sources */,
			);
			runOnlyForDeploymentPostprocessing = 0;
		};
/* End PBXSourcesBuildPhase section */

/* Begin PBXTargetDependency section */
		D4EA146F24A9339A00AA5D48 /* PBXTargetDependency */ = {
			isa = PBXTargetDependency;
			target = D4EA145624A9339800AA5D48 /* tip */;
			targetProxy = D4EA146E24A9339A00AA5D48 /* PBXContainerItemProxy */;
		};
		D4EA147A24A9339A00AA5D48 /* PBXTargetDependency */ = {
			isa = PBXTargetDependency;
			target = D4EA145624A9339800AA5D48 /* tip */;
			targetProxy = D4EA147924A9339A00AA5D48 /* PBXContainerItemProxy */;
		};
/* End PBXTargetDependency section */

/* Begin PBXVariantGroup section */
		D4EA146024A9339800AA5D48 /* Main.storyboard */ = {
			isa = PBXVariantGroup;
			children = (
				D4EA146124A9339800AA5D48 /* Base */,
			);
			name = Main.storyboard;
			sourceTree = "<group>";
		};
		D4EA146524A9339900AA5D48 /* LaunchScreen.storyboard */ = {
			isa = PBXVariantGroup;
			children = (
				D4EA146624A9339900AA5D48 /* Base */,
			);
			name = LaunchScreen.storyboard;
			sourceTree = "<group>";
		};
/* End PBXVariantGroup section */

/* Begin XCBuildConfiguration section */
		D4EA147F24A9339A00AA5D48 /* Debug */ = {
			isa = XCBuildConfiguration;
			buildSettings = {
				ALWAYS_SEARCH_USER_PATHS = NO;
				CLANG_ANALYZER_NONNULL = YES;
				CLANG_ANALYZER_NUMBER_OBJECT_CONVERSION = YES_AGGRESSIVE;
				CLANG_CXX_LANGUAGE_STANDARD = "gnu++14";
				CLANG_CXX_LIBRARY = "libc++";
				CLANG_ENABLE_MODULES = YES;
				CLANG_ENABLE_OBJC_ARC = YES;
				CLANG_ENABLE_OBJC_WEAK = YES;
				CLANG_WARN_BLOCK_CAPTURE_AUTORELEASING = YES;
				CLANG_WARN_BOOL_CONVERSION = YES;
				CLANG_WARN_COMMA = YES;
				CLANG_WARN_CONSTANT_CONVERSION = YES;
				CLANG_WARN_DEPRECATED_OBJC_IMPLEMENTATIONS = YES;
				CLANG_WARN_DIRECT_OBJC_ISA_USAGE = YES_ERROR;
				CLANG_WARN_DOCUMENTATION_COMMENTS = YES;
				CLANG_WARN_EMPTY_BODY = YES;
				CLANG_WARN_ENUM_CONVERSION = YES;
				CLANG_WARN_INFINITE_RECURSION = YES;
				CLANG_WARN_INT_CONVERSION = YES;
				CLANG_WARN_NON_LITERAL_NULL_CONVERSION = YES;
				CLANG_WARN_OBJC_IMPLICIT_RETAIN_SELF = YES;
				CLANG_WARN_OBJC_LITERAL_CONVERSION = YES;
				CLANG_WARN_OBJC_ROOT_CLASS = YES_ERROR;
				CLANG_WARN_RANGE_LOOP_ANALYSIS = YES;
				CLANG_WARN_STRICT_PROTOTYPES = YES;
				CLANG_WARN_SUSPICIOUS_MOVE = YES;
				CLANG_WARN_UNGUARDED_AVAILABILITY = YES_AGGRESSIVE;
				CLANG_WARN_UNREACHABLE_CODE = YES;
				CLANG_WARN__DUPLICATE_METHOD_MATCH = YES;
				COPY_PHASE_STRIP = NO;
				DEBUG_INFORMATION_FORMAT = dwarf;
				ENABLE_STRICT_OBJC_MSGSEND = YES;
				ENABLE_TESTABILITY = YES;
				GCC_C_LANGUAGE_STANDARD = gnu11;
				GCC_DYNAMIC_NO_PIC = NO;
				GCC_NO_COMMON_BLOCKS = YES;
				GCC_OPTIMIZATION_LEVEL = 0;
				GCC_PREPROCESSOR_DEFINITIONS = (
					"DEBUG=1",
					"$(inherited)",
				);
				GCC_WARN_64_TO_32_BIT_CONVERSION = YES;
				GCC_WARN_ABOUT_RETURN_TYPE = YES_ERROR;
				GCC_WARN_UNDECLARED_SELECTOR = YES;
				GCC_WARN_UNINITIALIZED_AUTOS = YES_AGGRESSIVE;
				GCC_WARN_UNUSED_FUNCTION = YES;
				GCC_WARN_UNUSED_VARIABLE = YES;
				IPHONEOS_DEPLOYMENT_TARGET = 13.5;
				MTL_ENABLE_DEBUG_INFO = INCLUDE_SOURCE;
				MTL_FAST_MATH = YES;
				ONLY_ACTIVE_ARCH = YES;
				SDKROOT = iphoneos;
				SWIFT_ACTIVE_COMPILATION_CONDITIONS = DEBUG;
				SWIFT_OPTIMIZATION_LEVEL = "-Onone";
			};
			name = Debug;
		};
		D4EA148024A9339A00AA5D48 /* Release */ = {
			isa = XCBuildConfiguration;
			buildSettings = {
				ALWAYS_SEARCH_USER_PATHS = NO;
				CLANG_ANALYZER_NONNULL = YES;
				CLANG_ANALYZER_NUMBER_OBJECT_CONVERSION = YES_AGGRESSIVE;
				CLANG_CXX_LANGUAGE_STANDARD = "gnu++14";
				CLANG_CXX_LIBRARY = "libc++";
				CLANG_ENABLE_MODULES = YES;
				CLANG_ENABLE_OBJC_ARC = YES;
				CLANG_ENABLE_OBJC_WEAK = YES;
				CLANG_WARN_BLOCK_CAPTURE_AUTORELEASING = YES;
				CLANG_WARN_BOOL_CONVERSION = YES;
				CLANG_WARN_COMMA = YES;
				CLANG_WARN_CONSTANT_CONVERSION = YES;
				CLANG_WARN_DEPRECATED_OBJC_IMPLEMENTATIONS = YES;
				CLANG_WARN_DIRECT_OBJC_ISA_USAGE = YES_ERROR;
				CLANG_WARN_DOCUMENTATION_COMMENTS = YES;
				CLANG_WARN_EMPTY_BODY = YES;
				CLANG_WARN_ENUM_CONVERSION = YES;
				CLANG_WARN_INFINITE_RECURSION = YES;
				CLANG_WARN_INT_CONVERSION = YES;
				CLANG_WARN_NON_LITERAL_NULL_CONVERSION = YES;
				CLANG_WARN_OBJC_IMPLICIT_RETAIN_SELF = YES;
				CLANG_WARN_OBJC_LITERAL_CONVERSION = YES;
				CLANG_WARN_OBJC_ROOT_CLASS = YES_ERROR;
				CLANG_WARN_RANGE_LOOP_ANALYSIS = YES;
				CLANG_WARN_STRICT_PROTOTYPES = YES;
				CLANG_WARN_SUSPICIOUS_MOVE = YES;
				CLANG_WARN_UNGUARDED_AVAILABILITY = YES_AGGRESSIVE;
				CLANG_WARN_UNREACHABLE_CODE = YES;
				CLANG_WARN__DUPLICATE_METHOD_MATCH = YES;
				COPY_PHASE_STRIP = NO;
				DEBUG_INFORMATION_FORMAT = "dwarf-with-dsym";
				ENABLE_NS_ASSERTIONS = NO;
				ENABLE_STRICT_OBJC_MSGSEND = YES;
				GCC_C_LANGUAGE_STANDARD = gnu11;
				GCC_NO_COMMON_BLOCKS = YES;
				GCC_WARN_64_TO_32_BIT_CONVERSION = YES;
				GCC_WARN_ABOUT_RETURN_TYPE = YES_ERROR;
				GCC_WARN_UNDECLARED_SELECTOR = YES;
				GCC_WARN_UNINITIALIZED_AUTOS = YES_AGGRESSIVE;
				GCC_WARN_UNUSED_FUNCTION = YES;
				GCC_WARN_UNUSED_VARIABLE = YES;
				IPHONEOS_DEPLOYMENT_TARGET = 13.5;
				MTL_ENABLE_DEBUG_INFO = NO;
				MTL_FAST_MATH = YES;
				SDKROOT = iphoneos;
				SWIFT_COMPILATION_MODE = wholemodule;
				SWIFT_OPTIMIZATION_LEVEL = "-O";
				VALIDATE_PRODUCT = YES;
			};
			name = Release;
		};
		D4EA148224A9339A00AA5D48 /* Debug */ = {
			isa = XCBuildConfiguration;
			buildSettings = {
				ASSETCATALOG_COMPILER_APPICON_NAME = AppIcon;
				CODE_SIGN_STYLE = Automatic;
				INFOPLIST_FILE = tip/Info.plist;
				LD_RUNPATH_SEARCH_PATHS = (
					"$(inherited)",
					"@executable_path/Frameworks",
				);
				PRODUCT_BUNDLE_IDENTIFIER = Codepath.tip;
				PRODUCT_NAME = "$(TARGET_NAME)";
				SWIFT_VERSION = 5.0;
				TARGETED_DEVICE_FAMILY = "1,2";
			};
			name = Debug;
		};
		D4EA148324A9339A00AA5D48 /* Release */ = {
			isa = XCBuildConfiguration;
			buildSettings = {
				ASSETCATALOG_COMPILER_APPICON_NAME = AppIcon;
				CODE_SIGN_STYLE = Automatic;
				INFOPLIST_FILE = tip/Info.plist;
				LD_RUNPATH_SEARCH_PATHS = (
					"$(inherited)",
					"@executable_path/Frameworks",
				);
				PRODUCT_BUNDLE_IDENTIFIER = Codepath.tip;
				PRODUCT_NAME = "$(TARGET_NAME)";
				SWIFT_VERSION = 5.0;
				TARGETED_DEVICE_FAMILY = "1,2";
			};
			name = Release;
		};
		D4EA148524A9339A00AA5D48 /* Debug */ = {
			isa = XCBuildConfiguration;
			buildSettings = {
				ALWAYS_EMBED_SWIFT_STANDARD_LIBRARIES = YES;
				BUNDLE_LOADER = "$(TEST_HOST)";
				CODE_SIGN_STYLE = Automatic;
				INFOPLIST_FILE = tipTests/Info.plist;
				IPHONEOS_DEPLOYMENT_TARGET = 13.5;
				LD_RUNPATH_SEARCH_PATHS = (
					"$(inherited)",
					"@executable_path/Frameworks",
					"@loader_path/Frameworks",
				);
				PRODUCT_BUNDLE_IDENTIFIER = Codepath.tipTests;
				PRODUCT_NAME = "$(TARGET_NAME)";
				SWIFT_VERSION = 5.0;
				TARGETED_DEVICE_FAMILY = "1,2";
				TEST_HOST = "$(BUILT_PRODUCTS_DIR)/tip.app/tip";
			};
			name = Debug;
		};
		D4EA148624A9339A00AA5D48 /* Release */ = {
			isa = XCBuildConfiguration;
			buildSettings = {
				ALWAYS_EMBED_SWIFT_STANDARD_LIBRARIES = YES;
				BUNDLE_LOADER = "$(TEST_HOST)";
				CODE_SIGN_STYLE = Automatic;
				INFOPLIST_FILE = tipTests/Info.plist;
				IPHONEOS_DEPLOYMENT_TARGET = 13.5;
				LD_RUNPATH_SEARCH_PATHS = (
					"$(inherited)",
					"@executable_path/Frameworks",
					"@loader_path/Frameworks",
				);
				PRODUCT_BUNDLE_IDENTIFIER = Codepath.tipTests;
				PRODUCT_NAME = "$(TARGET_NAME)";
				SWIFT_VERSION = 5.0;
				TARGETED_DEVICE_FAMILY = "1,2";
				TEST_HOST = "$(BUILT_PRODUCTS_DIR)/tip.app/tip";
			};
			name = Release;
		};
		D4EA148824A9339A00AA5D48 /* Debug */ = {
			isa = XCBuildConfiguration;
			buildSettings = {
				ALWAYS_EMBED_SWIFT_STANDARD_LIBRARIES = YES;
				CODE_SIGN_STYLE = Automatic;
				INFOPLIST_FILE = tipUITests/Info.plist;
				LD_RUNPATH_SEARCH_PATHS = (
					"$(inherited)",
					"@executable_path/Frameworks",
					"@loader_path/Frameworks",
				);
				PRODUCT_BUNDLE_IDENTIFIER = Codepath.tipUITests;
				PRODUCT_NAME = "$(TARGET_NAME)";
				SWIFT_VERSION = 5.0;
				TARGETED_DEVICE_FAMILY = "1,2";
				TEST_TARGET_NAME = tip;
			};
			name = Debug;
		};
		D4EA148924A9339A00AA5D48 /* Release */ = {
			isa = XCBuildConfiguration;
			buildSettings = {
				ALWAYS_EMBED_SWIFT_STANDARD_LIBRARIES = YES;
				CODE_SIGN_STYLE = Automatic;
				INFOPLIST_FILE = tipUITests/Info.plist;
				LD_RUNPATH_SEARCH_PATHS = (
					"$(inherited)",
					"@executable_path/Frameworks",
					"@loader_path/Frameworks",
				);
				PRODUCT_BUNDLE_IDENTIFIER = Codepath.tipUITests;
				PRODUCT_NAME = "$(TARGET_NAME)";
				SWIFT_VERSION = 5.0;
				TARGETED_DEVICE_FAMILY = "1,2";
				TEST_TARGET_NAME = tip;
			};
			name = Release;
		};
/* End XCBuildConfiguration section */

/* Begin XCConfigurationList section */
		D4EA145224A9339800AA5D48 /* Build configuration list for PBXProject "tip" */ = {
			isa = XCConfigurationList;
			buildConfigurations = (
				D4EA147F24A9339A00AA5D48 /* Debug */,
				D4EA148024A9339A00AA5D48 /* Release */,
			);
			defaultConfigurationIsVisible = 0;
			defaultConfigurationName = Release;
		};
		D4EA148124A9339A00AA5D48 /* Build configuration list for PBXNativeTarget "tip" */ = {
			isa = XCConfigurationList;
			buildConfigurations = (
				D4EA148224A9339A00AA5D48 /* Debug */,
				D4EA148324A9339A00AA5D48 /* Release */,
			);
			defaultConfigurationIsVisible = 0;
			defaultConfigurationName = Release;
		};
		D4EA148424A9339A00AA5D48 /* Build configuration list for PBXNativeTarget "tipTests" */ = {
			isa = XCConfigurationList;
			buildConfigurations = (
				D4EA148524A9339A00AA5D48 /* Debug */,
				D4EA148624A9339A00AA5D48 /* Release */,
			);
			defaultConfigurationIsVisible = 0;
			defaultConfigurationName = Release;
		};
		D4EA148724A9339A00AA5D48 /* Build configuration list for PBXNativeTarget "tipUITests" */ = {
			isa = XCConfigurationList;
			buildConfigurations = (
				D4EA148824A9339A00AA5D48 /* Debug */,
				D4EA148924A9339A00AA5D48 /* Release */,
			);
			defaultConfigurationIsVisible = 0;
			defaultConfigurationName = Release;
		};
/* End XCConfigurationList section */
	};
	rootObject = D4EA144F24A9339800AA5D48 /* Project object */;
}
